PODS:
  - Alamofire (5.8.1)
  - lottie-ios (4.4.1)

DEPENDENCIES:
  - Alamofire
  - lottie-ios

SPEC REPOS:
  trunk:
    - Alamofire
    - lottie-ios

SPEC CHECKSUMS:
  Alamofire: 3ca42e259043ee0dc5c0cdd76c4bc568b8e42af7
  lottie-ios: e047b1d2e6239b787cc5e9755b988869cf190494

PODFILE CHECKSUM: bb04b21ea274e0d64c0d131c514ee83850a0cf93

COCOAPODS: 1.14.3
