// !$*UTF8*$!
{
	archiveVersion = 1;
	classes = {
	};
	objectVersion = 56;
	objects = {

/* Begin PBXBuildFile section */
		4FBC6FC848C9948711E3A016 /* Pods_WeatherMeow.framework in Frameworks */ = {isa = PBXBuildFile; fileRef = 220C8C8B4112E8E2A436D951 /* Pods_WeatherMeow.framework */; };
		F87426422B8F96BE005491E5 /* Secrets.xcconfig in Resources */ = {isa = PBXBuildFile; fileRef = F87426412B8F96BE005491E5 /* Secrets.xcconfig */; };
		F87426462B8F978A005491E5 /* Util.swift in Sources */ = {isa = PBXBuildFile; fileRef = F87426452B8F978A005491E5 /* Util.swift */; };
		F8899B172B8F1004008C90AD /* WeatherMeowApp.swift in Sources */ = {isa = PBXBuildFile; fileRef = F8899B162B8F1004008C90AD /* WeatherMeowApp.swift */; };
		F8899B192B8F1004008C90AD /* ContentView.swift in Sources */ = {isa = PBXBuildFile; fileRef = F8899B182B8F1004008C90AD /* ContentView.swift */; };
		F8899B1B2B8F1005008C90AD /* Assets.xcassets in Resources */ = {isa = PBXBuildFile; fileRef = F8899B1A2B8F1005008C90AD /* Assets.xcassets */; };
		F8899B1E2B8F1005008C90AD /* Preview Assets.xcassets in Resources */ = {isa = PBXBuildFile; fileRef = F8899B1D2B8F1005008C90AD /* Preview Assets.xcassets */; };
		F8899B2B2B8F3863008C90AD /* API.swift in Sources */ = {isa = PBXBuildFile; fileRef = F8899B2A2B8F3863008C90AD /* API.swift */; };
		F8899B2D2B8F38B7008C90AD /* API+Extensions.swift in Sources */ = {isa = PBXBuildFile; fileRef = F8899B2C2B8F38B7008C90AD /* API+Extensions.swift */; };
		F8899B2F2B8F3A7E008C90AD /* NetworkManager.swift in Sources */ = {isa = PBXBuildFile; fileRef = F8899B2E2B8F3A7E008C90AD /* NetworkManager.swift */; };
		F8899B312B8F4045008C90AD /* WeatherResponse.swift in Sources */ = {isa = PBXBuildFile; fileRef = F8899B302B8F4045008C90AD /* WeatherResponse.swift */; };
		F8899B332B8F408E008C90AD /* Weather.swift in Sources */ = {isa = PBXBuildFile; fileRef = F8899B322B8F408E008C90AD /* Weather.swift */; };
		F8899B362B8F40A0008C90AD /* WeatherDetail.swift in Sources */ = {isa = PBXBuildFile; fileRef = F8899B352B8F40A0008C90AD /* WeatherDetail.swift */; };
		F8899B382B8F40AA008C90AD /* DailyWeather.swift in Sources */ = {isa = PBXBuildFile; fileRef = F8899B372B8F40AA008C90AD /* DailyWeather.swift */; };
		F8899B3A2B8F40C0008C90AD /* Temperature.swift in Sources */ = {isa = PBXBuildFile; fileRef = F8899B392B8F40C0008C90AD /* Temperature.swift */; };
		F8899B3C2B8F44DB008C90AD /* CityViewViewModel.swift in Sources */ = {isa = PBXBuildFile; fileRef = F8899B3B2B8F44DB008C90AD /* CityViewViewModel.swift */; };
		F8899B502B8F794E008C90AD /* LottieView.swift in Sources */ = {isa = PBXBuildFile; fileRef = F8899B4F2B8F794E008C90AD /* LottieView.swift */; };
		F8899B512B8F7BC2008C90AD /* dayBrokenClouds.json in Resources */ = {isa = PBXBuildFile; fileRef = F8899B432B8F779B008C90AD /* dayBrokenClouds.json */; };
		F8899B522B8F7BC5008C90AD /* dayClearSky.json in Resources */ = {isa = PBXBuildFile; fileRef = F8899B4D2B8F779C008C90AD /* dayClearSky.json */; };
		F8899B532B8F7BC7008C90AD /* dayFewClouds.json in Resources */ = {isa = PBXBuildFile; fileRef = F8899B472B8F779C008C90AD /* dayFewClouds.json */; };
		F8899B542B8F7BCC008C90AD /* dayMist.json in Resources */ = {isa = PBXBuildFile; fileRef = F8899B3E2B8F779B008C90AD /* dayMist.json */; };
		F8899B552B8F7BCE008C90AD /* dayRain.json in Resources */ = {isa = PBXBuildFile; fileRef = F8899B482B8F779C008C90AD /* dayRain.json */; };
		F8899B562B8F7BD0008C90AD /* dayScatteredClouds.json in Resources */ = {isa = PBXBuildFile; fileRef = F8899B4B2B8F779C008C90AD /* dayScatteredClouds.json */; };
		F8899B572B8F7BD3008C90AD /* dayShowerRains.json in Resources */ = {isa = PBXBuildFile; fileRef = F8899B4A2B8F779C008C90AD /* dayShowerRains.json */; };
		F8899B582B8F7BD5008C90AD /* daySnow.json in Resources */ = {isa = PBXBuildFile; fileRef = F8899B4C2B8F779C008C90AD /* daySnow.json */; };
		F8899B592B8F7BD8008C90AD /* dayThunderstorm.json in Resources */ = {isa = PBXBuildFile; fileRef = F8899B462B8F779C008C90AD /* dayThunderstorm.json */; };
		F8899B5A2B8F7BDB008C90AD /* nightBrokenClouds.json in Resources */ = {isa = PBXBuildFile; fileRef = F8899B412B8F779B008C90AD /* nightBrokenClouds.json */; };
		F8899B5B2B8F7BDD008C90AD /* nightClearSky.json in Resources */ = {isa = PBXBuildFile; fileRef = F8899B422B8F779B008C90AD /* nightClearSky.json */; };
		F8899B5C2B8F7BE0008C90AD /* nightFewClouds.json in Resources */ = {isa = PBXBuildFile; fileRef = F8899B492B8F779C008C90AD /* nightFewClouds.json */; };
		F8899B5D2B8F7BE2008C90AD /* nightMist.json in Resources */ = {isa = PBXBuildFile; fileRef = F8899B4E2B8F779C008C90AD /* nightMist.json */; };
		F8899B5E2B8F7BE4008C90AD /* nightRain.json in Resources */ = {isa = PBXBuildFile; fileRef = F8899B3D2B8F779B008C90AD /* nightRain.json */; };
		F8899B5F2B8F7BE7008C90AD /* nightScatteredClouds.json in Resources */ = {isa = PBXBuildFile; fileRef = F8899B452B8F779C008C90AD /* nightScatteredClouds.json */; };
		F8899B602B8F7BE9008C90AD /* nightShowerRains.json in Resources */ = {isa = PBXBuildFile; fileRef = F8899B3F2B8F779B008C90AD /* nightShowerRains.json */; };
		F8899B612B8F7BEB008C90AD /* nightSnow.json in Resources */ = {isa = PBXBuildFile; fileRef = F8899B442B8F779B008C90AD /* nightSnow.json */; };
		F8899B622B8F7BED008C90AD /* nightThunderstorm.json in Resources */ = {isa = PBXBuildFile; fileRef = F8899B402B8F779B008C90AD /* nightThunderstorm.json */; };
		F8899B642B8F7C43008C90AD /* MenuHeaderView.swift in Sources */ = {isa = PBXBuildFile; fileRef = F8899B632B8F7C43008C90AD /* MenuHeaderView.swift */; };
		F8899B662B8F7DCB008C90AD /* CityNameView.swift in Sources */ = {isa = PBXBuildFile; fileRef = F8899B652B8F7DCB008C90AD /* CityNameView.swift */; };
		F8899B682B8F7E77008C90AD /* TodayWeatherView.swift in Sources */ = {isa = PBXBuildFile; fileRef = F8899B672B8F7E77008C90AD /* TodayWeatherView.swift */; };
		F8899B6A2B8F814C008C90AD /* HourlyWeatherView.swift in Sources */ = {isa = PBXBuildFile; fileRef = F8899B692B8F814C008C90AD /* HourlyWeatherView.swift */; };
		F8899B6C2B8F8358008C90AD /* DailyWeatherView.swift in Sources */ = {isa = PBXBuildFile; fileRef = F8899B6B2B8F8358008C90AD /* DailyWeatherView.swift */; };
		F8899B6E2B8F84A7008C90AD /* CityView.swift in Sources */ = {isa = PBXBuildFile; fileRef = F8899B6D2B8F84A7008C90AD /* CityView.swift */; };
		F8D4C8902B9049FC00CEB9E8 /* CitiesView.swift in Sources */ = {isa = PBXBuildFile; fileRef = F8D4C88F2B9049FC00CEB9E8 /* CitiesView.swift */; };
		F8D4C8922B904A9100CEB9E8 /* CitiesViewModel.swift in Sources */ = {isa = PBXBuildFile; fileRef = F8D4C8912B904A9100CEB9E8 /* CitiesViewModel.swift */; };
		F8D4C8962B904C3100CEB9E8 /* CityCardView.swift in Sources */ = {isa = PBXBuildFile; fileRef = F8D4C8952B904C3100CEB9E8 /* CityCardView.swift */; };
		F8D4C8982B904E4A00CEB9E8 /* UserDefaultsManager.swift in Sources */ = {isa = PBXBuildFile; fileRef = F8D4C8972B904E4A00CEB9E8 /* UserDefaultsManager.swift */; };
		F8D4C89A2B904EFC00CEB9E8 /* CityWeatherView.swift in Sources */ = {isa = PBXBuildFile; fileRef = F8D4C8992B904EFC00CEB9E8 /* CityWeatherView.swift */; };
/* End PBXBuildFile section */

/* Begin PBXFileReference section */
		1CFA449DE40297A190701DFB /* Pods-WeatherMeow.release.xcconfig */ = {isa = PBXFileReference; includeInIndex = 1; lastKnownFileType = text.xcconfig; name = "Pods-WeatherMeow.release.xcconfig"; path = "Target Support Files/Pods-WeatherMeow/Pods-WeatherMeow.release.xcconfig"; sourceTree = "<group>"; };
		220C8C8B4112E8E2A436D951 /* Pods_WeatherMeow.framework */ = {isa = PBXFileReference; explicitFileType = wrapper.framework; includeInIndex = 0; path = Pods_WeatherMeow.framework; sourceTree = BUILT_PRODUCTS_DIR; };
		EB6C8C5015E5EEE8F05E8AA1 /* Pods-WeatherMeow.debug.xcconfig */ = {isa = PBXFileReference; includeInIndex = 1; lastKnownFileType = text.xcconfig; name = "Pods-WeatherMeow.debug.xcconfig"; path = "Target Support Files/Pods-WeatherMeow/Pods-WeatherMeow.debug.xcconfig"; sourceTree = "<group>"; };
		F87426412B8F96BE005491E5 /* Secrets.xcconfig */ = {isa = PBXFileReference; lastKnownFileType = text.xcconfig; name = Secrets.xcconfig; path = ../Secrets.xcconfig; sourceTree = "<group>"; };
		F87426432B8F96E6005491E5 /* Info.plist */ = {isa = PBXFileReference; lastKnownFileType = text.plist; path = Info.plist; sourceTree = "<group>"; };
		F87426452B8F978A005491E5 /* Util.swift */ = {isa = PBXFileReference; lastKnownFileType = sourcecode.swift; path = Util.swift; sourceTree = "<group>"; };
		F8899B132B8F1004008C90AD /* WeatherMeow.app */ = {isa = PBXFileReference; explicitFileType = wrapper.application; includeInIndex = 0; path = WeatherMeow.app; sourceTree = BUILT_PRODUCTS_DIR; };
		F8899B162B8F1004008C90AD /* WeatherMeowApp.swift */ = {isa = PBXFileReference; lastKnownFileType = sourcecode.swift; path = WeatherMeowApp.swift; sourceTree = "<group>"; };
		F8899B182B8F1004008C90AD /* ContentView.swift */ = {isa = PBXFileReference; lastKnownFileType = sourcecode.swift; path = ContentView.swift; sourceTree = "<group>"; };
		F8899B1A2B8F1005008C90AD /* Assets.xcassets */ = {isa = PBXFileReference; lastKnownFileType = folder.assetcatalog; path = Assets.xcassets; sourceTree = "<group>"; };
		F8899B1D2B8F1005008C90AD /* Preview Assets.xcassets */ = {isa = PBXFileReference; lastKnownFileType = folder.assetcatalog; path = "Preview Assets.xcassets"; sourceTree = "<group>"; };
		F8899B2A2B8F3863008C90AD /* API.swift */ = {isa = PBXFileReference; lastKnownFileType = sourcecode.swift; path = API.swift; sourceTree = "<group>"; };
		F8899B2C2B8F38B7008C90AD /* API+Extensions.swift */ = {isa = PBXFileReference; lastKnownFileType = sourcecode.swift; path = "API+Extensions.swift"; sourceTree = "<group>"; };
		F8899B2E2B8F3A7E008C90AD /* NetworkManager.swift */ = {isa = PBXFileReference; lastKnownFileType = sourcecode.swift; path = NetworkManager.swift; sourceTree = "<group>"; };
		F8899B302B8F4045008C90AD /* WeatherResponse.swift */ = {isa = PBXFileReference; lastKnownFileType = sourcecode.swift; path = WeatherResponse.swift; sourceTree = "<group>"; };
		F8899B322B8F408E008C90AD /* Weather.swift */ = {isa = PBXFileReference; lastKnownFileType = sourcecode.swift; path = Weather.swift; sourceTree = "<group>"; };
		F8899B352B8F40A0008C90AD /* WeatherDetail.swift */ = {isa = PBXFileReference; lastKnownFileType = sourcecode.swift; path = WeatherDetail.swift; sourceTree = "<group>"; };
		F8899B372B8F40AA008C90AD /* DailyWeather.swift */ = {isa = PBXFileReference; lastKnownFileType = sourcecode.swift; path = DailyWeather.swift; sourceTree = "<group>"; };
		F8899B392B8F40C0008C90AD /* Temperature.swift */ = {isa = PBXFileReference; lastKnownFileType = sourcecode.swift; path = Temperature.swift; sourceTree = "<group>"; };
		F8899B3B2B8F44DB008C90AD /* CityViewViewModel.swift */ = {isa = PBXFileReference; lastKnownFileType = sourcecode.swift; path = CityViewViewModel.swift; sourceTree = "<group>"; };
		F8899B3D2B8F779B008C90AD /* nightRain.json */ = {isa = PBXFileReference; lastKnownFileType = text.json; path = nightRain.json; sourceTree = "<group>"; };
		F8899B3E2B8F779B008C90AD /* dayMist.json */ = {isa = PBXFileReference; lastKnownFileType = text.json; path = dayMist.json; sourceTree = "<group>"; };
		F8899B3F2B8F779B008C90AD /* nightShowerRains.json */ = {isa = PBXFileReference; lastKnownFileType = text.json; path = nightShowerRains.json; sourceTree = "<group>"; };
		F8899B402B8F779B008C90AD /* nightThunderstorm.json */ = {isa = PBXFileReference; lastKnownFileType = text.json; path = nightThunderstorm.json; sourceTree = "<group>"; };
		F8899B412B8F779B008C90AD /* nightBrokenClouds.json */ = {isa = PBXFileReference; lastKnownFileType = text.json; path = nightBrokenClouds.json; sourceTree = "<group>"; };
		F8899B422B8F779B008C90AD /* nightClearSky.json */ = {isa = PBXFileReference; lastKnownFileType = text.json; path = nightClearSky.json; sourceTree = "<group>"; };
		F8899B432B8F779B008C90AD /* dayBrokenClouds.json */ = {isa = PBXFileReference; lastKnownFileType = text.json; path = dayBrokenClouds.json; sourceTree = "<group>"; };
		F8899B442B8F779B008C90AD /* nightSnow.json */ = {isa = PBXFileReference; lastKnownFileType = text.json; path = nightSnow.json; sourceTree = "<group>"; };
		F8899B452B8F779C008C90AD /* nightScatteredClouds.json */ = {isa = PBXFileReference; lastKnownFileType = text.json; path = nightScatteredClouds.json; sourceTree = "<group>"; };
		F8899B462B8F779C008C90AD /* dayThunderstorm.json */ = {isa = PBXFileReference; lastKnownFileType = text.json; path = dayThunderstorm.json; sourceTree = "<group>"; };
		F8899B472B8F779C008C90AD /* dayFewClouds.json */ = {isa = PBXFileReference; lastKnownFileType = text.json; path = dayFewClouds.json; sourceTree = "<group>"; };
		F8899B482B8F779C008C90AD /* dayRain.json */ = {isa = PBXFileReference; lastKnownFileType = text.json; path = dayRain.json; sourceTree = "<group>"; };
		F8899B492B8F779C008C90AD /* nightFewClouds.json */ = {isa = PBXFileReference; lastKnownFileType = text.json; path = nightFewClouds.json; sourceTree = "<group>"; };
		F8899B4A2B8F779C008C90AD /* dayShowerRains.json */ = {isa = PBXFileReference; lastKnownFileType = text.json; path = dayShowerRains.json; sourceTree = "<group>"; };
		F8899B4B2B8F779C008C90AD /* dayScatteredClouds.json */ = {isa = PBXFileReference; lastKnownFileType = text.json; path = dayScatteredClouds.json; sourceTree = "<group>"; };
		F8899B4C2B8F779C008C90AD /* daySnow.json */ = {isa = PBXFileReference; lastKnownFileType = text.json; path = daySnow.json; sourceTree = "<group>"; };
		F8899B4D2B8F779C008C90AD /* dayClearSky.json */ = {isa = PBXFileReference; lastKnownFileType = text.json; path = dayClearSky.json; sourceTree = "<group>"; };
		F8899B4E2B8F779C008C90AD /* nightMist.json */ = {isa = PBXFileReference; lastKnownFileType = text.json; path = nightMist.json; sourceTree = "<group>"; };
		F8899B4F2B8F794E008C90AD /* LottieView.swift */ = {isa = PBXFileReference; lastKnownFileType = sourcecode.swift; path = LottieView.swift; sourceTree = "<group>"; };
		F8899B632B8F7C43008C90AD /* MenuHeaderView.swift */ = {isa = PBXFileReference; lastKnownFileType = sourcecode.swift; path = MenuHeaderView.swift; sourceTree = "<group>"; };
		F8899B652B8F7DCB008C90AD /* CityNameView.swift */ = {isa = PBXFileReference; lastKnownFileType = sourcecode.swift; path = CityNameView.swift; sourceTree = "<group>"; };
		F8899B672B8F7E77008C90AD /* TodayWeatherView.swift */ = {isa = PBXFileReference; lastKnownFileType = sourcecode.swift; path = TodayWeatherView.swift; sourceTree = "<group>"; };
		F8899B692B8F814C008C90AD /* HourlyWeatherView.swift */ = {isa = PBXFileReference; lastKnownFileType = sourcecode.swift; path = HourlyWeatherView.swift; sourceTree = "<group>"; };
		F8899B6B2B8F8358008C90AD /* DailyWeatherView.swift */ = {isa = PBXFileReference; lastKnownFileType = sourcecode.swift; path = DailyWeatherView.swift; sourceTree = "<group>"; };
		F8899B6D2B8F84A7008C90AD /* CityView.swift */ = {isa = PBXFileReference; lastKnownFileType = sourcecode.swift; path = CityView.swift; sourceTree = "<group>"; };
		F8D4C88F2B9049FC00CEB9E8 /* CitiesView.swift */ = {isa = PBXFileReference; lastKnownFileType = sourcecode.swift; path = CitiesView.swift; sourceTree = "<group>"; };
		F8D4C8912B904A9100CEB9E8 /* CitiesViewModel.swift */ = {isa = PBXFileReference; lastKnownFileType = sourcecode.swift; path = CitiesViewModel.swift; sourceTree = "<group>"; };
		F8D4C8952B904C3100CEB9E8 /* CityCardView.swift */ = {isa = PBXFileReference; lastKnownFileType = sourcecode.swift; path = CityCardView.swift; sourceTree = "<group>"; };
		F8D4C8972B904E4A00CEB9E8 /* UserDefaultsManager.swift */ = {isa = PBXFileReference; lastKnownFileType = sourcecode.swift; path = UserDefaultsManager.swift; sourceTree = "<group>"; };
		F8D4C8992B904EFC00CEB9E8 /* CityWeatherView.swift */ = {isa = PBXFileReference; lastKnownFileType = sourcecode.swift; path = CityWeatherView.swift; sourceTree = "<group>"; };
/* End PBXFileReference section */

/* Begin PBXFrameworksBuildPhase section */
		F8899B102B8F1004008C90AD /* Frameworks */ = {
			isa = PBXFrameworksBuildPhase;
			buildActionMask = 2147483647;
			files = (
				4FBC6FC848C9948711E3A016 /* Pods_WeatherMeow.framework in Frameworks */,
			);
			runOnlyForDeploymentPostprocessing = 0;
		};
/* End PBXFrameworksBuildPhase section */

/* Begin PBXGroup section */
		7AB54FD87D370FBFF985F09E /* Pods */ = {
			isa = PBXGroup;
			children = (
				EB6C8C5015E5EEE8F05E8AA1 /* Pods-WeatherMeow.debug.xcconfig */,
				1CFA449DE40297A190701DFB /* Pods-WeatherMeow.release.xcconfig */,
			);
			path = Pods;
			sourceTree = "<group>";
		};
		DF6834705F01A8A06E5A379A /* Frameworks */ = {
			isa = PBXGroup;
			children = (
				220C8C8B4112E8E2A436D951 /* Pods_WeatherMeow.framework */,
			);
			name = Frameworks;
			sourceTree = "<group>";
		};
		F87426442B8F977D005491E5 /* Utils */ = {
			isa = PBXGroup;
			children = (
				F87426452B8F978A005491E5 /* Util.swift */,
				F8D4C8972B904E4A00CEB9E8 /* UserDefaultsManager.swift */,
			);
			path = Utils;
			sourceTree = "<group>";
		};
		F8899B0A2B8F1004008C90AD = {
			isa = PBXGroup;
			children = (
				F8899B152B8F1004008C90AD /* WeatherMeow */,
				F8899B142B8F1004008C90AD /* Products */,
				7AB54FD87D370FBFF985F09E /* Pods */,
				DF6834705F01A8A06E5A379A /* Frameworks */,
			);
			sourceTree = "<group>";
		};
		F8899B142B8F1004008C90AD /* Products */ = {
			isa = PBXGroup;
			children = (
				F8899B132B8F1004008C90AD /* WeatherMeow.app */,
			);
			name = Products;
			sourceTree = "<group>";
		};
		F8899B152B8F1004008C90AD /* WeatherMeow */ = {
			isa = PBXGroup;
			children = (
				F87426432B8F96E6005491E5 /* Info.plist */,
				F8899B162B8F1004008C90AD /* WeatherMeowApp.swift */,
				F8899B182B8F1004008C90AD /* ContentView.swift */,
				F8899B262B8F101C008C90AD /* Views */,
				F8899B252B8F1016008C90AD /* ViewModels */,
				F8899B242B8F100F008C90AD /* Models */,
				F8899B272B8F33C9008C90AD /* Network */,
				F87426442B8F977D005491E5 /* Utils */,
				F8899B292B8F3821008C90AD /* LottieAnimations */,
				F8899B1A2B8F1005008C90AD /* Assets.xcassets */,
				F87426412B8F96BE005491E5 /* Secrets.xcconfig */,
				F8899B1C2B8F1005008C90AD /* Preview Content */,
			);
			path = WeatherMeow;
			sourceTree = "<group>";
		};
		F8899B1C2B8F1005008C90AD /* Preview Content */ = {
			isa = PBXGroup;
			children = (
				F8899B1D2B8F1005008C90AD /* Preview Assets.xcassets */,
			);
			path = "Preview Content";
			sourceTree = "<group>";
		};
		F8899B242B8F100F008C90AD /* Models */ = {
			isa = PBXGroup;
			children = (
				F8899B302B8F4045008C90AD /* WeatherResponse.swift */,
				F8899B322B8F408E008C90AD /* Weather.swift */,
				F8899B352B8F40A0008C90AD /* WeatherDetail.swift */,
				F8899B372B8F40AA008C90AD /* DailyWeather.swift */,
				F8899B392B8F40C0008C90AD /* Temperature.swift */,
			);
			path = Models;
			sourceTree = "<group>";
		};
		F8899B252B8F1016008C90AD /* ViewModels */ = {
			isa = PBXGroup;
			children = (
				F8899B3B2B8F44DB008C90AD /* CityViewViewModel.swift */,
				F8D4C8912B904A9100CEB9E8 /* CitiesViewModel.swift */,
			);
			path = ViewModels;
			sourceTree = "<group>";
		};
		F8899B262B8F101C008C90AD /* Views */ = {
			isa = PBXGroup;
			children = (
				F8899B4F2B8F794E008C90AD /* LottieView.swift */,
				F8899B632B8F7C43008C90AD /* MenuHeaderView.swift */,
				F8899B652B8F7DCB008C90AD /* CityNameView.swift */,
				F8899B672B8F7E77008C90AD /* TodayWeatherView.swift */,
				F8899B6B2B8F8358008C90AD /* DailyWeatherView.swift */,
				F8899B692B8F814C008C90AD /* HourlyWeatherView.swift */,
				F8899B6D2B8F84A7008C90AD /* CityView.swift */,
				F8D4C8992B904EFC00CEB9E8 /* CityWeatherView.swift */,
				F8D4C8952B904C3100CEB9E8 /* CityCardView.swift */,
				F8D4C88F2B9049FC00CEB9E8 /* CitiesView.swift */,
			);
			path = Views;
			sourceTree = "<group>";
		};
		F8899B272B8F33C9008C90AD /* Network */ = {
			isa = PBXGroup;
			children = (
				F8899B2A2B8F3863008C90AD /* API.swift */,
				F8899B2C2B8F38B7008C90AD /* API+Extensions.swift */,
				F8899B2E2B8F3A7E008C90AD /* NetworkManager.swift */,
			);
			path = Network;
			sourceTree = "<group>";
		};
		F8899B292B8F3821008C90AD /* LottieAnimations */ = {
			isa = PBXGroup;
			children = (
				F8899B432B8F779B008C90AD /* dayBrokenClouds.json */,
				F8899B4D2B8F779C008C90AD /* dayClearSky.json */,
				F8899B472B8F779C008C90AD /* dayFewClouds.json */,
				F8899B3E2B8F779B008C90AD /* dayMist.json */,
				F8899B482B8F779C008C90AD /* dayRain.json */,
				F8899B4B2B8F779C008C90AD /* dayScatteredClouds.json */,
				F8899B4A2B8F779C008C90AD /* dayShowerRains.json */,
				F8899B4C2B8F779C008C90AD /* daySnow.json */,
				F8899B462B8F779C008C90AD /* dayThunderstorm.json */,
				F8899B412B8F779B008C90AD /* nightBrokenClouds.json */,
				F8899B422B8F779B008C90AD /* nightClearSky.json */,
				F8899B492B8F779C008C90AD /* nightFewClouds.json */,
				F8899B4E2B8F779C008C90AD /* nightMist.json */,
				F8899B3D2B8F779B008C90AD /* nightRain.json */,
				F8899B452B8F779C008C90AD /* nightScatteredClouds.json */,
				F8899B3F2B8F779B008C90AD /* nightShowerRains.json */,
				F8899B442B8F779B008C90AD /* nightSnow.json */,
				F8899B402B8F779B008C90AD /* nightThunderstorm.json */,
			);
			path = LottieAnimations;
			sourceTree = "<group>";
		};
/* End PBXGroup section */

/* Begin PBXNativeTarget section */
		F8899B122B8F1004008C90AD /* WeatherMeow */ = {
			isa = PBXNativeTarget;
			buildConfigurationList = F8899B212B8F1005008C90AD /* Build configuration list for PBXNativeTarget "WeatherMeow" */;
			buildPhases = (
				69BAFB92DD565E9151E696B2 /* [CP] Check Pods Manifest.lock */,
				F8899B0F2B8F1004008C90AD /* Sources */,
				F8899B102B8F1004008C90AD /* Frameworks */,
				F8899B112B8F1004008C90AD /* Resources */,
				6C63D3E04B09F6AE4127D340 /* [CP] Embed Pods Frameworks */,
			);
			buildRules = (
			);
			dependencies = (
			);
			name = WeatherMeow;
			productName = WeatherMeow;
			productReference = F8899B132B8F1004008C90AD /* WeatherMeow.app */;
			productType = "com.apple.product-type.application";
		};
/* End PBXNativeTarget section */

/* Begin PBXProject section */
		F8899B0B2B8F1004008C90AD /* Project object */ = {
			isa = PBXProject;
			attributes = {
				BuildIndependentTargetsInParallel = 1;
				LastSwiftUpdateCheck = 1520;
				LastUpgradeCheck = 1520;
				TargetAttributes = {
					F8899B122B8F1004008C90AD = {
						CreatedOnToolsVersion = 15.2;
					};
				};
			};
			buildConfigurationList = F8899B0E2B8F1004008C90AD /* Build configuration list for PBXProject "WeatherMeow" */;
			compatibilityVersion = "Xcode 14.0";
			developmentRegion = en;
			hasScannedForEncodings = 0;
			knownRegions = (
				en,
				Base,
			);
			mainGroup = F8899B0A2B8F1004008C90AD;
			productRefGroup = F8899B142B8F1004008C90AD /* Products */;
			projectDirPath = "";
			projectRoot = "";
			targets = (
				F8899B122B8F1004008C90AD /* WeatherMeow */,
			);
		};
/* End PBXProject section */

/* Begin PBXResourcesBuildPhase section */
		F8899B112B8F1004008C90AD /* Resources */ = {
			isa = PBXResourcesBuildPhase;
			buildActionMask = 2147483647;
			files = (
				F8899B522B8F7BC5008C90AD /* dayClearSky.json in Resources */,
				F8899B542B8F7BCC008C90AD /* dayMist.json in Resources */,
				F8899B612B8F7BEB008C90AD /* nightSnow.json in Resources */,
				F8899B1E2B8F1005008C90AD /* Preview Assets.xcassets in Resources */,
				F8899B5F2B8F7BE7008C90AD /* nightScatteredClouds.json in Resources */,
				F8899B5C2B8F7BE0008C90AD /* nightFewClouds.json in Resources */,
				F8899B512B8F7BC2008C90AD /* dayBrokenClouds.json in Resources */,
				F8899B592B8F7BD8008C90AD /* dayThunderstorm.json in Resources */,
				F8899B552B8F7BCE008C90AD /* dayRain.json in Resources */,
				F8899B582B8F7BD5008C90AD /* daySnow.json in Resources */,
				F8899B5B2B8F7BDD008C90AD /* nightClearSky.json in Resources */,
				F8899B602B8F7BE9008C90AD /* nightShowerRains.json in Resources */,
				F8899B5A2B8F7BDB008C90AD /* nightBrokenClouds.json in Resources */,
				F8899B5E2B8F7BE4008C90AD /* nightRain.json in Resources */,
				F87426422B8F96BE005491E5 /* Secrets.xcconfig in Resources */,
				F8899B532B8F7BC7008C90AD /* dayFewClouds.json in Resources */,
				F8899B622B8F7BED008C90AD /* nightThunderstorm.json in Resources */,
				F8899B572B8F7BD3008C90AD /* dayShowerRains.json in Resources */,
				F8899B562B8F7BD0008C90AD /* dayScatteredClouds.json in Resources */,
				F8899B1B2B8F1005008C90AD /* Assets.xcassets in Resources */,
				F8899B5D2B8F7BE2008C90AD /* nightMist.json in Resources */,
			);
			runOnlyForDeploymentPostprocessing = 0;
		};
/* End PBXResourcesBuildPhase section */

/* Begin PBXShellScriptBuildPhase section */
		69BAFB92DD565E9151E696B2 /* [CP] Check Pods Manifest.lock */ = {
			isa = PBXShellScriptBuildPhase;
			buildActionMask = 2147483647;
			files = (
			);
			inputFileListPaths = (
			);
			inputPaths = (
				"${PODS_PODFILE_DIR_PATH}/Podfile.lock",
				"${PODS_ROOT}/Manifest.lock",
			);
			name = "[CP] Check Pods Manifest.lock";
			outputFileListPaths = (
			);
			outputPaths = (
				"$(DERIVED_FILE_DIR)/Pods-WeatherMeow-checkManifestLockResult.txt",
			);
			runOnlyForDeploymentPostprocessing = 0;
			shellPath = /bin/sh;
			shellScript = "diff \"${PODS_PODFILE_DIR_PATH}/Podfile.lock\" \"${PODS_ROOT}/Manifest.lock\" > /dev/null\nif [ $? != 0 ] ; then\n    # print error to STDERR\n    echo \"error: The sandbox is not in sync with the Podfile.lock. Run 'pod install' or update your CocoaPods installation.\" >&2\n    exit 1\nfi\n# This output is used by Xcode 'outputs' to avoid re-running this script phase.\necho \"SUCCESS\" > \"${SCRIPT_OUTPUT_FILE_0}\"\n";
			showEnvVarsInLog = 0;
		};
		6C63D3E04B09F6AE4127D340 /* [CP] Embed Pods Frameworks */ = {
			isa = PBXShellScriptBuildPhase;
			buildActionMask = 2147483647;
			files = (
			);
			inputFileListPaths = (
				"${PODS_ROOT}/Target Support Files/Pods-WeatherMeow/Pods-WeatherMeow-frameworks-${CONFIGURATION}-input-files.xcfilelist",
			);
			name = "[CP] Embed Pods Frameworks";
			outputFileListPaths = (
				"${PODS_ROOT}/Target Support Files/Pods-WeatherMeow/Pods-WeatherMeow-frameworks-${CONFIGURATION}-output-files.xcfilelist",
			);
			runOnlyForDeploymentPostprocessing = 0;
			shellPath = /bin/sh;
			shellScript = "\"${PODS_ROOT}/Target Support Files/Pods-WeatherMeow/Pods-WeatherMeow-frameworks.sh\"\n";
			showEnvVarsInLog = 0;
		};
/* End PBXShellScriptBuildPhase section */

/* Begin PBXSourcesBuildPhase section */
		F8899B0F2B8F1004008C90AD /* Sources */ = {
			isa = PBXSourcesBuildPhase;
			buildActionMask = 2147483647;
			files = (
				F8899B6C2B8F8358008C90AD /* DailyWeatherView.swift in Sources */,
				F8899B6A2B8F814C008C90AD /* HourlyWeatherView.swift in Sources */,
				F8899B2D2B8F38B7008C90AD /* API+Extensions.swift in Sources */,
				F8899B3C2B8F44DB008C90AD /* CityViewViewModel.swift in Sources */,
				F8899B662B8F7DCB008C90AD /* CityNameView.swift in Sources */,
				F8899B362B8F40A0008C90AD /* WeatherDetail.swift in Sources */,
				F8899B312B8F4045008C90AD /* WeatherResponse.swift in Sources */,
				F8D4C8982B904E4A00CEB9E8 /* UserDefaultsManager.swift in Sources */,
				F8899B6E2B8F84A7008C90AD /* CityView.swift in Sources */,
				F8899B192B8F1004008C90AD /* ContentView.swift in Sources */,
				F8899B2F2B8F3A7E008C90AD /* NetworkManager.swift in Sources */,
				F8D4C8922B904A9100CEB9E8 /* CitiesViewModel.swift in Sources */,
				F8D4C89A2B904EFC00CEB9E8 /* CityWeatherView.swift in Sources */,
				F8D4C8962B904C3100CEB9E8 /* CityCardView.swift in Sources */,
				F8899B2B2B8F3863008C90AD /* API.swift in Sources */,
				F8899B642B8F7C43008C90AD /* MenuHeaderView.swift in Sources */,
				F87426462B8F978A005491E5 /* Util.swift in Sources */,
				F8899B172B8F1004008C90AD /* WeatherMeowApp.swift in Sources */,
				F8899B332B8F408E008C90AD /* Weather.swift in Sources */,
				F8D4C8902B9049FC00CEB9E8 /* CitiesView.swift in Sources */,
				F8899B682B8F7E77008C90AD /* TodayWeatherView.swift in Sources */,
				F8899B3A2B8F40C0008C90AD /* Temperature.swift in Sources */,
				F8899B382B8F40AA008C90AD /* DailyWeather.swift in Sources */,
				F8899B502B8F794E008C90AD /* LottieView.swift in Sources */,
			);
			runOnlyForDeploymentPostprocessing = 0;
		};
/* End PBXSourcesBuildPhase section */

/* Begin XCBuildConfiguration section */
		F8899B1F2B8F1005008C90AD /* Debug */ = {
			isa = XCBuildConfiguration;
			buildSettings = {
				ALWAYS_SEARCH_USER_PATHS = NO;
				ASSETCATALOG_COMPILER_GENERATE_SWIFT_ASSET_SYMBOL_EXTENSIONS = YES;
				CLANG_ANALYZER_NONNULL = YES;
				CLANG_ANALYZER_NUMBER_OBJECT_CONVERSION = YES_AGGRESSIVE;
				CLANG_CXX_LANGUAGE_STANDARD = "gnu++20";
				CLANG_ENABLE_MODULES = YES;
				CLANG_ENABLE_OBJC_ARC = YES;
				CLANG_ENABLE_OBJC_WEAK = YES;
				CLANG_WARN_BLOCK_CAPTURE_AUTORELEASING = YES;
				CLANG_WARN_BOOL_CONVERSION = YES;
				CLANG_WARN_COMMA = YES;
				CLANG_WARN_CONSTANT_CONVERSION = YES;
				CLANG_WARN_DEPRECATED_OBJC_IMPLEMENTATIONS = YES;
				CLANG_WARN_DIRECT_OBJC_ISA_USAGE = YES_ERROR;
				CLANG_WARN_DOCUMENTATION_COMMENTS = YES;
				CLANG_WARN_EMPTY_BODY = YES;
				CLANG_WARN_ENUM_CONVERSION = YES;
				CLANG_WARN_INFINITE_RECURSION = YES;
				CLANG_WARN_INT_CONVERSION = YES;
				CLANG_WARN_NON_LITERAL_NULL_CONVERSION = YES;
				CLANG_WARN_OBJC_IMPLICIT_RETAIN_SELF = YES;
				CLANG_WARN_OBJC_LITERAL_CONVERSION = YES;
				CLANG_WARN_OBJC_ROOT_CLASS = YES_ERROR;
				CLANG_WARN_QUOTED_INCLUDE_IN_FRAMEWORK_HEADER = YES;
				CLANG_WARN_RANGE_LOOP_ANALYSIS = YES;
				CLANG_WARN_STRICT_PROTOTYPES = YES;
				CLANG_WARN_SUSPICIOUS_MOVE = YES;
				CLANG_WARN_UNGUARDED_AVAILABILITY = YES_AGGRESSIVE;
				CLANG_WARN_UNREACHABLE_CODE = YES;
				CLANG_WARN__DUPLICATE_METHOD_MATCH = YES;
				COPY_PHASE_STRIP = NO;
				DEBUG_INFORMATION_FORMAT = dwarf;
				ENABLE_STRICT_OBJC_MSGSEND = YES;
				ENABLE_TESTABILITY = YES;
				ENABLE_USER_SCRIPT_SANDBOXING = NO;
				GCC_C_LANGUAGE_STANDARD = gnu17;
				GCC_DYNAMIC_NO_PIC = NO;
				GCC_NO_COMMON_BLOCKS = YES;
				GCC_OPTIMIZATION_LEVEL = 0;
				GCC_PREPROCESSOR_DEFINITIONS = (
					"DEBUG=1",
					"$(inherited)",
				);
				GCC_WARN_64_TO_32_BIT_CONVERSION = YES;
				GCC_WARN_ABOUT_RETURN_TYPE = YES_ERROR;
				GCC_WARN_UNDECLARED_SELECTOR = YES;
				GCC_WARN_UNINITIALIZED_AUTOS = YES_AGGRESSIVE;
				GCC_WARN_UNUSED_FUNCTION = YES;
				GCC_WARN_UNUSED_VARIABLE = YES;
				IPHONEOS_DEPLOYMENT_TARGET = 17.2;
				LOCALIZATION_PREFERS_STRING_CATALOGS = YES;
				MTL_ENABLE_DEBUG_INFO = INCLUDE_SOURCE;
				MTL_FAST_MATH = YES;
				ONLY_ACTIVE_ARCH = YES;
				SDKROOT = iphoneos;
				SWIFT_ACTIVE_COMPILATION_CONDITIONS = "DEBUG $(inherited)";
				SWIFT_OPTIMIZATION_LEVEL = "-Onone";
			};
			name = Debug;
		};
		F8899B202B8F1005008C90AD /* Release */ = {
			isa = XCBuildConfiguration;
			buildSettings = {
				ALWAYS_SEARCH_USER_PATHS = NO;
				ASSETCATALOG_COMPILER_GENERATE_SWIFT_ASSET_SYMBOL_EXTENSIONS = YES;
				CLANG_ANALYZER_NONNULL = YES;
				CLANG_ANALYZER_NUMBER_OBJECT_CONVERSION = YES_AGGRESSIVE;
				CLANG_CXX_LANGUAGE_STANDARD = "gnu++20";
				CLANG_ENABLE_MODULES = YES;
				CLANG_ENABLE_OBJC_ARC = YES;
				CLANG_ENABLE_OBJC_WEAK = YES;
				CLANG_WARN_BLOCK_CAPTURE_AUTORELEASING = YES;
				CLANG_WARN_BOOL_CONVERSION = YES;
				CLANG_WARN_COMMA = YES;
				CLANG_WARN_CONSTANT_CONVERSION = YES;
				CLANG_WARN_DEPRECATED_OBJC_IMPLEMENTATIONS = YES;
				CLANG_WARN_DIRECT_OBJC_ISA_USAGE = YES_ERROR;
				CLANG_WARN_DOCUMENTATION_COMMENTS = YES;
				CLANG_WARN_EMPTY_BODY = YES;
				CLANG_WARN_ENUM_CONVERSION = YES;
				CLANG_WARN_INFINITE_RECURSION = YES;
				CLANG_WARN_INT_CONVERSION = YES;
				CLANG_WARN_NON_LITERAL_NULL_CONVERSION = YES;
				CLANG_WARN_OBJC_IMPLICIT_RETAIN_SELF = YES;
				CLANG_WARN_OBJC_LITERAL_CONVERSION = YES;
				CLANG_WARN_OBJC_ROOT_CLASS = YES_ERROR;
				CLANG_WARN_QUOTED_INCLUDE_IN_FRAMEWORK_HEADER = YES;
				CLANG_WARN_RANGE_LOOP_ANALYSIS = YES;
				CLANG_WARN_STRICT_PROTOTYPES = YES;
				CLANG_WARN_SUSPICIOUS_MOVE = YES;
				CLANG_WARN_UNGUARDED_AVAILABILITY = YES_AGGRESSIVE;
				CLANG_WARN_UNREACHABLE_CODE = YES;
				CLANG_WARN__DUPLICATE_METHOD_MATCH = YES;
				COPY_PHASE_STRIP = NO;
				DEBUG_INFORMATION_FORMAT = "dwarf-with-dsym";
				ENABLE_NS_ASSERTIONS = NO;
				ENABLE_STRICT_OBJC_MSGSEND = YES;
				ENABLE_USER_SCRIPT_SANDBOXING = NO;
				GCC_C_LANGUAGE_STANDARD = gnu17;
				GCC_NO_COMMON_BLOCKS = YES;
				GCC_WARN_64_TO_32_BIT_CONVERSION = YES;
				GCC_WARN_ABOUT_RETURN_TYPE = YES_ERROR;
				GCC_WARN_UNDECLARED_SELECTOR = YES;
				GCC_WARN_UNINITIALIZED_AUTOS = YES_AGGRESSIVE;
				GCC_WARN_UNUSED_FUNCTION = YES;
				GCC_WARN_UNUSED_VARIABLE = YES;
				IPHONEOS_DEPLOYMENT_TARGET = 17.2;
				LOCALIZATION_PREFERS_STRING_CATALOGS = YES;
				MTL_ENABLE_DEBUG_INFO = NO;
				MTL_FAST_MATH = YES;
				SDKROOT = iphoneos;
				SWIFT_COMPILATION_MODE = wholemodule;
				VALIDATE_PRODUCT = YES;
			};
			name = Release;
		};
		F8899B222B8F1005008C90AD /* Debug */ = {
			isa = XCBuildConfiguration;
			baseConfigurationReference = F87426412B8F96BE005491E5 /* Secrets.xcconfig */;
			buildSettings = {
				ASSETCATALOG_COMPILER_APPICON_NAME = AppIcon;
				ASSETCATALOG_COMPILER_GLOBAL_ACCENT_COLOR_NAME = AccentColor;
				CODE_SIGN_STYLE = Automatic;
				CURRENT_PROJECT_VERSION = 1;
				DEVELOPMENT_ASSET_PATHS = "\"WeatherMeow/Preview Content\"";
				DEVELOPMENT_TEAM = 96KDP35MCD;
				ENABLE_PREVIEWS = YES;
				GENERATE_INFOPLIST_FILE = YES;
				INFOPLIST_FILE = WeatherMeow/Info.plist;
				INFOPLIST_KEY_UIApplicationSceneManifest_Generation = YES;
				INFOPLIST_KEY_UIApplicationSupportsIndirectInputEvents = YES;
				INFOPLIST_KEY_UILaunchScreen_Generation = YES;
				INFOPLIST_KEY_UISupportedInterfaceOrientations_iPad = "UIInterfaceOrientationPortrait UIInterfaceOrientationPortraitUpsideDown UIInterfaceOrientationLandscapeLeft UIInterfaceOrientationLandscapeRight";
				INFOPLIST_KEY_UISupportedInterfaceOrientations_iPhone = "UIInterfaceOrientationPortrait UIInterfaceOrientationLandscapeLeft UIInterfaceOrientationLandscapeRight";
				LD_RUNPATH_SEARCH_PATHS = (
					"$(inherited)",
					"@executable_path/Frameworks",
				);
				MARKETING_VERSION = 1.0;
				PRODUCT_BUNDLE_IDENTIFIER = com.zeroh.WeatherMeow;
				PRODUCT_NAME = "$(TARGET_NAME)";
				SWIFT_EMIT_LOC_STRINGS = YES;
				SWIFT_VERSION = 5.0;
				TARGETED_DEVICE_FAMILY = "1,2";
			};
			name = Debug;
		};
		F8899B232B8F1005008C90AD /* Release */ = {
			isa = XCBuildConfiguration;
			baseConfigurationReference = 1CFA449DE40297A190701DFB /* Pods-WeatherMeow.release.xcconfig */;
			buildSettings = {
				ASSETCATALOG_COMPILER_APPICON_NAME = AppIcon;
				ASSETCATALOG_COMPILER_GLOBAL_ACCENT_COLOR_NAME = AccentColor;
				CODE_SIGN_STYLE = Automatic;
				CURRENT_PROJECT_VERSION = 1;
				DEVELOPMENT_ASSET_PATHS = "\"WeatherMeow/Preview Content\"";
				DEVELOPMENT_TEAM = 96KDP35MCD;
				ENABLE_PREVIEWS = YES;
				GENERATE_INFOPLIST_FILE = YES;
				INFOPLIST_FILE = WeatherMeow/Info.plist;
				INFOPLIST_KEY_UIApplicationSceneManifest_Generation = YES;
				INFOPLIST_KEY_UIApplicationSupportsIndirectInputEvents = YES;
				INFOPLIST_KEY_UILaunchScreen_Generation = YES;
				INFOPLIST_KEY_UISupportedInterfaceOrientations_iPad = "UIInterfaceOrientationPortrait UIInterfaceOrientationPortraitUpsideDown UIInterfaceOrientationLandscapeLeft UIInterfaceOrientationLandscapeRight";
				INFOPLIST_KEY_UISupportedInterfaceOrientations_iPhone = "UIInterfaceOrientationPortrait UIInterfaceOrientationLandscapeLeft UIInterfaceOrientationLandscapeRight";
				LD_RUNPATH_SEARCH_PATHS = (
					"$(inherited)",
					"@executable_path/Frameworks",
				);
				MARKETING_VERSION = 1.0;
				PRODUCT_BUNDLE_IDENTIFIER = com.zeroh.WeatherMeow;
				PRODUCT_NAME = "$(TARGET_NAME)";
				SWIFT_EMIT_LOC_STRINGS = YES;
				SWIFT_VERSION = 5.0;
				TARGETED_DEVICE_FAMILY = "1,2";
			};
			name = Release;
		};
/* End XCBuildConfiguration section */

/* Begin XCConfigurationList section */
		F8899B0E2B8F1004008C90AD /* Build configuration list for PBXProject "WeatherMeow" */ = {
			isa = XCConfigurationList;
			buildConfigurations = (
				F8899B1F2B8F1005008C90AD /* Debug */,
				F8899B202B8F1005008C90AD /* Release */,
			);
			defaultConfigurationIsVisible = 0;
			defaultConfigurationName = Release;
		};
		F8899B212B8F1005008C90AD /* Build configuration list for PBXNativeTarget "WeatherMeow" */ = {
			isa = XCConfigurationList;
			buildConfigurations = (
				F8899B222B8F1005008C90AD /* Debug */,
				F8899B232B8F1005008C90AD /* Release */,
			);
			defaultConfigurationIsVisible = 0;
			defaultConfigurationName = Release;
		};
/* End XCConfigurationList section */
	};
	rootObject = F8899B0B2B8F1004008C90AD /* Project object */;
}
